{
  "nodes": {
    "home-manager": {
      "inputs": {
        "nixpkgs": [
          "nixpkgs"
        ]
      },
      "locked": {
        "lastModified": 1756842514,
        "narHash": "sha256-XbtRMewPGJwTNhBC4pnBu3w/xT1XejvB0HfohC2Kga8=",
        "owner": "nix-community",
        "repo": "home-manager",
        "rev": "30fc1b532645a21e157b6e33e3f8b4c154f86382",
        "type": "github"
      },
      "original": {
        "owner": "nix-community",
        "repo": "home-manager",
        "type": "github"
      }
    },
    "nixos-hardware": {
      "locked": {
        "lastModified": 1756750488,
        "narHash": "sha256-e4ZAu2sjOtGpvbdS5zo+Va5FUUkAnizl4wb0/JlIL2I=",
        "owner": "NixOS",
        "repo": "nixos-hardware",
        "rev": "47eb4856cfd01eaeaa7bb5944a0f27db8fb9b94a",
        "type": "github"
      },
      "original": {
        "owner": "NixOS",
        "ref": "master",
        "repo": "nixos-hardware",
        "type": "github"
      }
    },
    "nixpkgs": {
      "locked": {
        "lastModified": 1756845905,
        "narHash": "sha256-CRkufZ+i5y1PzU4jFMUzLpj8M38kuZihshpf2IUHGMc=",
        "owner": "Aceroph",
        "repo": "nixpkgs",
        "rev": "9c742dbc790c3b6985adb2e6f1b6badfb727a525",
        "type": "github"
      },
      "original": {
        "owner": "Aceroph",
        "ref": "nixos-unstable",
        "repo": "nixpkgs",
        "type": "github"
      }
    },
    "quickshell": {
      "inputs": {
        "nixpkgs": [
          "nixpkgs"
        ]
      },
      "locked": {
        "lastModified": 1756352679,
        "narHash": "sha256-UkKaPXTPzT7HAcBOV4NlWx2GAEJaTf0eb5OX6Q6jPqg=",
        "ref": "refs/heads/master",
        "rev": "f7597cdae2d537c5b12843599955856090dc49d5",
        "revCount": 668,
        "type": "git",
        "url": "https://git.outfoxxed.me/outfoxxed/quickshell"
      },
      "original": {
        "type": "git",
        "url": "https://git.outfoxxed.me/outfoxxed/quickshell"
      }
    },
    "root": {
      "inputs": {
        "home-manager": "home-manager",
        "nixos-hardware": "nixos-hardware",
        "nixpkgs": "nixpkgs",
        "quickshell": "quickshell",
        "steelwm": "steelwm"
      }
    },
    "steelwm": {
      "inputs": {
        "nixpkgs": [
          "nixpkgs"
        ]
      },
      "locked": {
        "lastModified": 1755182274,
        "narHash": "sha256-oVDjhYR0FK+UjQwVZpwxYc8HOarGPy4KQuHjR+yw8oQ=",
        "owner": "Aceroph",
        "repo": "steelwm",
        "rev": "5d5e17c656ea7d3ad5ea42a0989a0549b82ade08",
        "type": "github"
      },
      "original": {
        "owner": "Aceroph",
        "repo": "steelwm",
        "type": "github"
      }
    }
  },
  "root": "root",
  "version": 7
}
