{
  "nodes": {
    "home-manager": {
      "inputs": {
        "nixpkgs": [
          "nixpkgs"
        ]
      },
      "locked": {
        "lastModified": 1756842514,
        "narHash": "sha256-XbtRMewPGJwTNhBC4pnBu3w/xT1XejvB0HfohC2Kga8=",
        "owner": "nix-community",
        "repo": "home-manager",
        "rev": "30fc1b532645a21e157b6e33e3f8b4c154f86382",
        "type": "github"
      },
      "original": {
        "owner": "nix-community",
        "repo": "home-manager",
        "type": "github"
      }
    },
    "home-manager_2": {
      "inputs": {
        "nixpkgs": [
          "zen-browser",
          "nixpkgs"
        ]
      },
      "locked": {
        "lastModified": 1752603129,
        "narHash": "sha256-S+wmHhwNQ5Ru689L2Gu8n1OD6s9eU9n9mD827JNR+kw=",
        "owner": "nix-community",
        "repo": "home-manager",
        "rev": "e8c19a3cec2814c754f031ab3ae7316b64da085b",
        "type": "github"
      },
      "original": {
        "owner": "nix-community",
        "repo": "home-manager",
        "type": "github"
      }
    },
    "nixos-hardware": {
      "locked": {
        "lastModified": 1756750488,
        "narHash": "sha256-e4ZAu2sjOtGpvbdS5zo+Va5FUUkAnizl4wb0/JlIL2I=",
        "owner": "NixOS",
        "repo": "nixos-hardware",
        "rev": "47eb4856cfd01eaeaa7bb5944a0f27db8fb9b94a",
        "type": "github"
      },
      "original": {
        "owner": "NixOS",
        "ref": "master",
        "repo": "nixos-hardware",
        "type": "github"
      }
    },
    "nixpkgs": {
      "locked": {
        "lastModified": 1756845905,
        "narHash": "sha256-CRkufZ+i5y1PzU4jFMUzLpj8M38kuZihshpf2IUHGMc=",
        "owner": "Aceroph",
        "repo": "nixpkgs",
        "rev": "9c742dbc790c3b6985adb2e6f1b6badfb727a525",
        "type": "github"
      },
      "original": {
        "owner": "Aceroph",
        "ref": "nixos-unstable",
        "repo": "nixpkgs",
        "type": "github"
      }
    },
    "root": {
      "inputs": {
        "home-manager": "home-manager",
        "nixos-hardware": "nixos-hardware",
        "nixpkgs": "nixpkgs",
        "steelwm": "steelwm",
        "zen-browser": "zen-browser"
      }
    },
    "steelwm": {
      "inputs": {
        "nixpkgs": [
          "nixpkgs"
        ]
      },
      "locked": {
        "lastModified": 1755182274,
        "narHash": "sha256-oVDjhYR0FK+UjQwVZpwxYc8HOarGPy4KQuHjR+yw8oQ=",
        "owner": "Aceroph",
        "repo": "steelwm",
        "rev": "5d5e17c656ea7d3ad5ea42a0989a0549b82ade08",
        "type": "github"
      },
      "original": {
        "owner": "Aceroph",
        "repo": "steelwm",
        "type": "github"
      }
    },
    "zen-browser": {
      "inputs": {
        "home-manager": "home-manager_2",
        "nixpkgs": [
          "nixpkgs"
        ]
      },
      "locked": {
        "lastModified": 1758082958,
        "narHash": "sha256-DGpwK0Z8Yl70U8whJC9kQbenhmIANqQX7i40wG8KB2w=",
        "owner": "0xc000022070",
        "repo": "zen-browser-flake",
        "rev": "5edc5f5117da500890821f5684bf12f040f34ec5",
        "type": "github"
      },
      "original": {
        "owner": "0xc000022070",
        "repo": "zen-browser-flake",
        "type": "github"
      }
    }
  },
  "root": "root",
  "version": 7
}
